
Microsoft Visual Studio Solution File, Format Version 10.00
# Visual Studio 2008
Project("{F184B08F-C81C-45F6-A57F-5ABD9991F28F}") = "Ventrian.NewsArticles.SqlDataProvider", "Ventrian.NewsArticles.SqlDataProvider.vbproj", "{D1901326-AD43-466F-942D-AA796EA58D8E}"
EndProject
Global
	GlobalSection(SolutionConfigurationPlatforms) = preSolution
		Debug|Any CPU = Debug|Any CPU
		Release|Any CPU = Release|Any CPU
	EndGlobalSection
	GlobalSection(ProjectConfigurationPlatforms) = postSolution
		{D1901326-AD43-466F-942D-AA796EA58D8E}.Debug|Any CPU.ActiveCfg = Debug|Any CPU
		{D1901326-AD43-466F-942D-AA796EA58D8E}.Debug|Any CPU.Build.0 = Debug|Any CPU
		{D1901326-AD43-466F-942D-AA796EA58D8E}.Release|Any CPU.ActiveCfg = Release|Any CPU
		{D1901326-AD43-466F-942D-AA796EA58D8E}.Release|Any CPU.Build.0 = Release|Any CPU
	EndGlobalSection
	GlobalSection(SolutionProperties) = preSolution
		HideSolutionNode = FALSE
	EndGlobalSection
EndGlobal
